
Microsoft Visual Studio Solution File, Format Version 12.00
# Visual Studio 2012
Project("{8BC9CEB8-8B4A-11D0-8D11-00A0C91BC942}") = "urg_cpp", "urg_library-1.1.8\vs2010\cpp\urg_cpp\urg_cpp.vcxproj", "{CB95510D-4DFC-4735-9454-F13DFBADBAE6}"
EndProject
Project("{8BC9CEB8-8B4A-11D0-8D11-00A0C91BC942}") = "urg", "urg_library-1.1.8\vs2010\c\urg\urg.vcxproj", "{269630A6-5F78-484F-A729-5CD301B5CABA}"
EndProject
Project("{8BC9CEB8-8B4A-11D0-8D11-00A0C91BC942}") = "Urg_Visualizer", "Urg_Visualizer\Urg_Visualizer.vcxproj", "{B12702AD-ABFB-343A-A199-8E24837244A3}"
	ProjectSection(ProjectDependencies) = postProject
		{CB95510D-4DFC-4735-9454-F13DFBADBAE6} = {CB95510D-4DFC-4735-9454-F13DFBADBAE6}
		{269630A6-5F78-484F-A729-5CD301B5CABA} = {269630A6-5F78-484F-A729-5CD301B5CABA}
	EndProjectSection
EndProject
Global
	GlobalSection(SolutionConfigurationPlatforms) = preSolution
		Debug|Win32 = Debug|Win32
		Release|Win32 = Release|Win32
	EndGlobalSection
	GlobalSection(ProjectConfigurationPlatforms) = postSolution
		{CB95510D-4DFC-4735-9454-F13DFBADBAE6}.Debug|Win32.ActiveCfg = Debug|Win32
		{CB95510D-4DFC-4735-9454-F13DFBADBAE6}.Debug|Win32.Build.0 = Debug|Win32
		{CB95510D-4DFC-4735-9454-F13DFBADBAE6}.Release|Win32.ActiveCfg = Release|Win32
		{CB95510D-4DFC-4735-9454-F13DFBADBAE6}.Release|Win32.Build.0 = Release|Win32
		{269630A6-5F78-484F-A729-5CD301B5CABA}.Debug|Win32.ActiveCfg = Debug|Win32
		{269630A6-5F78-484F-A729-5CD301B5CABA}.Debug|Win32.Build.0 = Debug|Win32
		{269630A6-5F78-484F-A729-5CD301B5CABA}.Release|Win32.ActiveCfg = Release|Win32
		{269630A6-5F78-484F-A729-5CD301B5CABA}.Release|Win32.Build.0 = Release|Win32
		{B12702AD-ABFB-343A-A199-8E24837244A3}.Debug|Win32.ActiveCfg = Debug|Win32
		{B12702AD-ABFB-343A-A199-8E24837244A3}.Debug|Win32.Build.0 = Debug|Win32
		{B12702AD-ABFB-343A-A199-8E24837244A3}.Release|Win32.ActiveCfg = Release|Win32
		{B12702AD-ABFB-343A-A199-8E24837244A3}.Release|Win32.Build.0 = Release|Win32
	EndGlobalSection
	GlobalSection(SolutionProperties) = preSolution
		HideSolutionNode = FALSE
	EndGlobalSection
EndGlobal
